Microsoft Visual Studio Solution File, Format Version 12.00
# Visual Studio 15
VisualStudioVersion = 15.0.28307.271
MinimumVisualStudioVersion = 10.0.40219.1
Project("{d57263a8-c50d-44a8-8894-3398ec1b01c2}") = "Articlr.Server", "src\Articlr.Server\Articlr.Server.csproj", "{83eee2c7-5b98-4350-beff-341ba3507431}"
EndProject
Project("{ac5dbd12-0d73-47af-9ccf-9fc724d17e9f}") = "Articlr.Api", "src\Articlr.Api\Articlr.Api.csproj", "{3e5a683a-6b2f-4b6a-b663-b02c209516e1}"
EndProject
Project("{780464fc-7d65-485b-aca0-f1fab5f4388e}") = "Articlr.Api", "src\Articlr.Infrastructure\Articlr.Infrastructure.csproj", "{dce6d956-4fde-4fe8-9b01-f98ffe6cdfae}"
EndProject
Project("{20f03bf4-aead-411a-bcea-0c61bbad1a39}") = "Articlr.Application", "src\Articlr.Application\Articlr.Application.csproj", "{299ab228-e169-40b9-9fc9-9890907cc0a0}"
EndProject
Project("{4cfdc693-3460-43e1-9696-707de45ecec3}") = "Articlr.Domain", "src\Articlr.Domain\Articlr.Domain.csproj", "{d7eaf3e5-fe3f-41fb-88cf-3492dbbf480e}"
EndProject
Project("{fbe8f856-6a8c-4716-8105-fea24bcf106e}") = "Articlr.Server.Tests", "tests\Articlr.Server.Tests\Articlr.Server.Tests.csproj", "{ef4ab94b-8ae9-403d-8581-4d0fbe855187}"
EndProject
Project("{4d194e58-96f9-4684-a4bf-e3c85080530e}") = "Articlr.Api.Tests", "tests\Articlr.Api.Tests\Articlr.Api.Tests.csproj", "{8d303a5e-6d59-4ce9-b1e0-053ef1b41cb7}"
EndProject
Project("{9a3756c1-eabe-4758-8281-3ba0349245ba}") = "Articlr.Api.Tests", "tests\Articlr.Infrastructure.Tests\Articlr.Infrastructure.Tests.csproj", "{9ba9afee-8246-4761-8ad8-f64a0ae0f68c}"
EndProject
Project("{d096791e-942d-4d3c-abaa-664a6859c2d5}") = "Articlr.Application.Tests", "tests\Articlr.Application.Tests\Articlr.Application.Tests.csproj", "{59512b04-2581-4c11-95c2-8edb48c02e2a}"
EndProject
Project("{13694cc2-4406-4313-9320-89e37fd1bd1e}") = "Articlr.Domain.Tests", "tests\Articlr.Domain.Tests\Articlr.Domain.Tests.csproj", "{6434f929-c79f-4a6f-bf79-8937972d3639}"
EndProject
Project("{e13ba5ef-859d-40cb-871d-c6d5e1a14271}") = "Articlr.E2E", "e2e\Articlr.E2E\Articlr.E2E.csproj", "{e8125840-c351-4ec6-911e-c7ee2ca4659a}"
EndProject
Project("{2150E333-8FDC-42A3-9474-1A3956D46DE8}") = "Solution Items", "Solution Items", "{C83C7A08-0D82-4BAC-9458-B02D2954BD59}"
	ProjectSection(SolutionItems) = preProject
		.gitignore = .gitignore
		README.md = README.md
	EndProjectSection
EndProject
Project("{2150E333-8FDC-42A3-9474-1A3956D46DE8}") = "src", "src", "{A7932510-C82A-4017-85FD-591FB4830CD0}"
EndProject
Project("{2150E333-8FDC-42A3-9474-1A3956D46DE8}") = "tests", "tests", "{3DD1BD80-7438-4A79-B3E5-768865BCFF42}"
EndProject
Project("{2150E333-8FDC-42A3-9474-1A3956D46DE8}") = "e2e", "e2e", "{D3D3FB37-1303-4928-B247-E6289BCD21A4}"
EndProject
Global
	GlobalSection(SolutionConfigurationPlatforms) = preSolution
		Debug|Any CPU = Debug|Any CPU
		Release|Any CPU = Release|Any CPU
	EndGlobalSection
	GlobalSection(ProjectConfigurationPlatforms) = postSolution
		{83eee2c7-5b98-4350-beff-341ba3507431}.Debug|Any CPU.ActiveCfg = Debug|Any CPU
		{83eee2c7-5b98-4350-beff-341ba3507431}.Debug|Any CPU.Build.0 = Debug|Any CPU
		{83eee2c7-5b98-4350-beff-341ba3507431}.Release|Any CPU.ActiveCfg = Release|Any CPU
		{83eee2c7-5b98-4350-beff-341ba3507431}.Release|Any CPU.Build.0 = Release|Any CPU
		{3e5a683a-6b2f-4b6a-b663-b02c209516e1}.Debug|Any CPU.ActiveCfg = Debug|Any CPU
		{3e5a683a-6b2f-4b6a-b663-b02c209516e1}.Debug|Any CPU.Build.0 = Debug|Any CPU
		{3e5a683a-6b2f-4b6a-b663-b02c209516e1}.Release|Any CPU.ActiveCfg = Release|Any CPU
		{3e5a683a-6b2f-4b6a-b663-b02c209516e1}.Release|Any CPU.Build.0 = Release|Any CPU
		{dce6d956-4fde-4fe8-9b01-f98ffe6cdfae}.Debug|Any CPU.ActiveCfg = Debug|Any CPU
		{dce6d956-4fde-4fe8-9b01-f98ffe6cdfae}.Debug|Any CPU.Build.0 = Debug|Any CPU
		{dce6d956-4fde-4fe8-9b01-f98ffe6cdfae}.Release|Any CPU.ActiveCfg = Release|Any CPU
		{dce6d956-4fde-4fe8-9b01-f98ffe6cdfae}.Release|Any CPU.Build.0 = Release|Any CPU
		{299ab228-e169-40b9-9fc9-9890907cc0a0}.Debug|Any CPU.ActiveCfg = Debug|Any CPU
		{299ab228-e169-40b9-9fc9-9890907cc0a0}.Debug|Any CPU.Build.0 = Debug|Any CPU
		{299ab228-e169-40b9-9fc9-9890907cc0a0}.Release|Any CPU.ActiveCfg = Release|Any CPU
		{299ab228-e169-40b9-9fc9-9890907cc0a0}.Release|Any CPU.Build.0 = Release|Any CPU
		{d7eaf3e5-fe3f-41fb-88cf-3492dbbf480e}.Debug|Any CPU.ActiveCfg = Debug|Any CPU
		{d7eaf3e5-fe3f-41fb-88cf-3492dbbf480e}.Debug|Any CPU.Build.0 = Debug|Any CPU
		{d7eaf3e5-fe3f-41fb-88cf-3492dbbf480e}.Release|Any CPU.ActiveCfg = Release|Any CPU
		{d7eaf3e5-fe3f-41fb-88cf-3492dbbf480e}.Release|Any CPU.Build.0 = Release|Any CPU
		{ef4ab94b-8ae9-403d-8581-4d0fbe855187}.Debug|Any CPU.ActiveCfg = Debug|Any CPU
		{ef4ab94b-8ae9-403d-8581-4d0fbe855187}.Debug|Any CPU.Build.0 = Debug|Any CPU
		{ef4ab94b-8ae9-403d-8581-4d0fbe855187}.Release|Any CPU.ActiveCfg = Release|Any CPU
		{ef4ab94b-8ae9-403d-8581-4d0fbe855187}.Release|Any CPU.Build.0 = Release|Any CPU
		{8d303a5e-6d59-4ce9-b1e0-053ef1b41cb7}.Debug|Any CPU.ActiveCfg = Debug|Any CPU
		{8d303a5e-6d59-4ce9-b1e0-053ef1b41cb7}.Debug|Any CPU.Build.0 = Debug|Any CPU
		{8d303a5e-6d59-4ce9-b1e0-053ef1b41cb7}.Release|Any CPU.ActiveCfg = Release|Any CPU
		{8d303a5e-6d59-4ce9-b1e0-053ef1b41cb7}.Release|Any CPU.Build.0 = Release|Any CPU
		{9ba9afee-8246-4761-8ad8-f64a0ae0f68c}.Debug|Any CPU.ActiveCfg = Debug|Any CPU
		{9ba9afee-8246-4761-8ad8-f64a0ae0f68c}.Debug|Any CPU.Build.0 = Debug|Any CPU
		{9ba9afee-8246-4761-8ad8-f64a0ae0f68c}.Release|Any CPU.ActiveCfg = Release|Any CPU
		{9ba9afee-8246-4761-8ad8-f64a0ae0f68c}.Release|Any CPU.Build.0 = Release|Any CPU
		{59512b04-2581-4c11-95c2-8edb48c02e2a}.Debug|Any CPU.ActiveCfg = Debug|Any CPU
		{59512b04-2581-4c11-95c2-8edb48c02e2a}.Debug|Any CPU.Build.0 = Debug|Any CPU
		{59512b04-2581-4c11-95c2-8edb48c02e2a}.Release|Any CPU.ActiveCfg = Release|Any CPU
		{59512b04-2581-4c11-95c2-8edb48c02e2a}.Release|Any CPU.Build.0 = Release|Any CPU
		{6434f929-c79f-4a6f-bf79-8937972d3639}.Debug|Any CPU.ActiveCfg = Debug|Any CPU
		{6434f929-c79f-4a6f-bf79-8937972d3639}.Debug|Any CPU.Build.0 = Debug|Any CPU
		{6434f929-c79f-4a6f-bf79-8937972d3639}.Release|Any CPU.ActiveCfg = Release|Any CPU
		{6434f929-c79f-4a6f-bf79-8937972d3639}.Release|Any CPU.Build.0 = Release|Any CPU
		{e8125840-c351-4ec6-911e-c7ee2ca4659a}.Debug|Any CPU.ActiveCfg = Debug|Any CPU
		{e8125840-c351-4ec6-911e-c7ee2ca4659a}.Debug|Any CPU.Build.0 = Debug|Any CPU
		{e8125840-c351-4ec6-911e-c7ee2ca4659a}.Release|Any CPU.ActiveCfg = Release|Any CPU
		{e8125840-c351-4ec6-911e-c7ee2ca4659a}.Release|Any CPU.Build.0 = Release|Any CPU
	EndGlobalSection
	GlobalSection(SolutionProperties) = preSolution
		HideSolutionNode = FALSE
	EndGlobalSection
	GlobalSection(NestedProjects) = preSolution
		{83eee2c7-5b98-4350-beff-341ba3507431} = {A7932510-C82A-4017-85FD-591FB4830CD0}
		{3e5a683a-6b2f-4b6a-b663-b02c209516e1} = {A7932510-C82A-4017-85FD-591FB4830CD0}
		{dce6d956-4fde-4fe8-9b01-f98ffe6cdfae} = {A7932510-C82A-4017-85FD-591FB4830CD0}
		{299ab228-e169-40b9-9fc9-9890907cc0a0} = {A7932510-C82A-4017-85FD-591FB4830CD0}
		{d7eaf3e5-fe3f-41fb-88cf-3492dbbf480e} = {A7932510-C82A-4017-85FD-591FB4830CD0}
	EndGlobalSection
	GlobalSection(NestedProjects) = preSolution
		{ef4ab94b-8ae9-403d-8581-4d0fbe855187} = {3DD1BD80-7438-4A79-B3E5-768865BCFF42}
		{8d303a5e-6d59-4ce9-b1e0-053ef1b41cb7} = {3DD1BD80-7438-4A79-B3E5-768865BCFF42}
		{9ba9afee-8246-4761-8ad8-f64a0ae0f68c} = {3DD1BD80-7438-4A79-B3E5-768865BCFF42}
		{59512b04-2581-4c11-95c2-8edb48c02e2a} = {3DD1BD80-7438-4A79-B3E5-768865BCFF42}
		{6434f929-c79f-4a6f-bf79-8937972d3639} = {3DD1BD80-7438-4A79-B3E5-768865BCFF42}
	EndGlobalSection
	GlobalSection(NestedProjects) = preSolution
		{e8125840-c351-4ec6-911e-c7ee2ca4659a} = {D3D3FB37-1303-4928-B247-E6289BCD21A4}
	EndGlobalSection
	GlobalSection(ExtensibilityGlobals) = postSolution
		SolutionGuid = {5e2e905d-9461-4163-8f6a-77c00bf08470}
	EndGlobalSection
EndGlobal
